// !$*UTF8*$!
{
	archiveVersion = 1;
	classes = {
	};
	objectVersion = 50;
	objects = {

/* Begin PBXBuildFile section */
		15C65974222A1CAD004D4FE4 /* AppDelegate.swift in Sources */ = {isa = PBXBuildFile; fileRef = 15C65973222A1CAD004D4FE4 /* AppDelegate.swift */; };
		15C65976222A1CAD004D4FE4 /* ViewController.swift in Sources */ = {isa = PBXBuildFile; fileRef = 15C65975222A1CAD004D4FE4 /* ViewController.swift */; };
		15C65979222A1CAD004D4FE4 /* Main.storyboard in Resources */ = {isa = PBXBuildFile; fileRef = 15C65977222A1CAD004D4FE4 /* Main.storyboard */; };
		15C6597B222A1CAF004D4FE4 /* Assets.xcassets in Resources */ = {isa = PBXBuildFile; fileRef = 15C6597A222A1CAF004D4FE4 /* Assets.xcassets */; };
		15C6597E222A1CAF004D4FE4 /* LaunchScreen.storyboard in Resources */ = {isa = PBXBuildFile; fileRef = 15C6597C222A1CAF004D4FE4 /* LaunchScreen.storyboard */; };
		15C65986222A1CCD004D4FE4 /* SearchResultsController.swift in Sources */ = {isa = PBXBuildFile; fileRef = 15C65985222A1CCD004D4FE4 /* SearchResultsController.swift */; };
		326C240A2D52EC9A1AE3C452 /* Pods_Test_AutoComplete.framework in Frameworks */ = {isa = PBXBuildFile; fileRef = 22A4E89CAE3F371BDCADEFC3 /* Pods_Test_AutoComplete.framework */; };
/* End PBXBuildFile section */

/* Begin PBXFileReference section */
		15C65970222A1CAD004D4FE4 /* Test_AutoComplete.app */ = {isa = PBXFileReference; explicitFileType = wrapper.application; includeInIndex = 0; path = Test_AutoComplete.app; sourceTree = BUILT_PRODUCTS_DIR; };
		15C65973222A1CAD004D4FE4 /* AppDelegate.swift */ = {isa = PBXFileReference; lastKnownFileType = sourcecode.swift; path = AppDelegate.swift; sourceTree = "<group>"; };
		15C65975222A1CAD004D4FE4 /* ViewController.swift */ = {isa = PBXFileReference; lastKnownFileType = sourcecode.swift; path = ViewController.swift; sourceTree = "<group>"; };
		15C65978222A1CAD004D4FE4 /* Base */ = {isa = PBXFileReference; lastKnownFileType = file.storyboard; name = Base; path = Base.lproj/Main.storyboard; sourceTree = "<group>"; };
		15C6597A222A1CAF004D4FE4 /* Assets.xcassets */ = {isa = PBXFileReference; lastKnownFileType = folder.assetcatalog; path = Assets.xcassets; sourceTree = "<group>"; };
		15C6597D222A1CAF004D4FE4 /* Base */ = {isa = PBXFileReference; lastKnownFileType = file.storyboard; name = Base; path = Base.lproj/LaunchScreen.storyboard; sourceTree = "<group>"; };
		15C6597F222A1CAF004D4FE4 /* Info.plist */ = {isa = PBXFileReference; lastKnownFileType = text.plist.xml; path = Info.plist; sourceTree = "<group>"; };
		15C65985222A1CCD004D4FE4 /* SearchResultsController.swift */ = {isa = PBXFileReference; lastKnownFileType = sourcecode.swift; path = SearchResultsController.swift; sourceTree = "<group>"; };
		22A4E89CAE3F371BDCADEFC3 /* Pods_Test_AutoComplete.framework */ = {isa = PBXFileReference; explicitFileType = wrapper.framework; includeInIndex = 0; path = Pods_Test_AutoComplete.framework; sourceTree = BUILT_PRODUCTS_DIR; };
		D36598B377ADA84C978CFF17 /* Pods-Test_AutoComplete.debug.xcconfig */ = {isa = PBXFileReference; includeInIndex = 1; lastKnownFileType = text.xcconfig; name = "Pods-Test_AutoComplete.debug.xcconfig"; path = "Target Support Files/Pods-Test_AutoComplete/Pods-Test_AutoComplete.debug.xcconfig"; sourceTree = "<group>"; };
		E42A8CEF83B4E8D1BE01116D /* Pods-Test_AutoComplete.release.xcconfig */ = {isa = PBXFileReference; includeInIndex = 1; lastKnownFileType = text.xcconfig; name = "Pods-Test_AutoComplete.release.xcconfig"; path = "Target Support Files/Pods-Test_AutoComplete/Pods-Test_AutoComplete.release.xcconfig"; sourceTree = "<group>"; };
/* End PBXFileReference section */

/* Begin PBXFrameworksBuildPhase section */
		15C6596D222A1CAD004D4FE4 /* Frameworks */ = {
			isa = PBXFrameworksBuildPhase;
			buildActionMask = 2147483647;
			files = (
				326C240A2D52EC9A1AE3C452 /* Pods_Test_AutoComplete.framework in Frameworks */,
			);
			runOnlyForDeploymentPostprocessing = 0;
		};
/* End PBXFrameworksBuildPhase section */

/* Begin PBXGroup section */
		15C65967222A1CAD004D4FE4 = {
			isa = PBXGroup;
			children = (
				15C65972222A1CAD004D4FE4 /* Test_AutoComplete */,
				15C65971222A1CAD004D4FE4 /* Products */,
				5C350DBB6137C74B09503004 /* Pods */,
				C8B188EE821447E74B4F1F62 /* Frameworks */,
			);
			sourceTree = "<group>";
		};
		15C65971222A1CAD004D4FE4 /* Products */ = {
			isa = PBXGroup;
			children = (
				15C65970222A1CAD004D4FE4 /* Test_AutoComplete.app */,
			);
			name = Products;
			sourceTree = "<group>";
		};
		15C65972222A1CAD004D4FE4 /* Test_AutoComplete */ = {
			isa = PBXGroup;
			children = (
				15C65973222A1CAD004D4FE4 /* AppDelegate.swift */,
				15C65975222A1CAD004D4FE4 /* ViewController.swift */,
				15C65985222A1CCD004D4FE4 /* SearchResultsController.swift */,
				15C65977222A1CAD004D4FE4 /* Main.storyboard */,
				15C6597A222A1CAF004D4FE4 /* Assets.xcassets */,
				15C6597C222A1CAF004D4FE4 /* LaunchScreen.storyboard */,
				15C6597F222A1CAF004D4FE4 /* Info.plist */,
			);
			path = Test_AutoComplete;
			sourceTree = "<group>";
		};
		5C350DBB6137C74B09503004 /* Pods */ = {
			isa = PBXGroup;
			children = (
				D36598B377ADA84C978CFF17 /* Pods-Test_AutoComplete.debug.xcconfig */,
				E42A8CEF83B4E8D1BE01116D /* Pods-Test_AutoComplete.release.xcconfig */,
			);
			name = Pods;
			path = Pods;
			sourceTree = "<group>";
		};
		C8B188EE821447E74B4F1F62 /* Frameworks */ = {
			isa = PBXGroup;
			children = (
				22A4E89CAE3F371BDCADEFC3 /* Pods_Test_AutoComplete.framework */,
			);
			name = Frameworks;
			sourceTree = "<group>";
		};
/* End PBXGroup section */

/* Begin PBXNativeTarget section */
		15C6596F222A1CAD004D4FE4 /* Test_AutoComplete */ = {
			isa = PBXNativeTarget;
			buildConfigurationList = 15C65982222A1CAF004D4FE4 /* Build configuration list for PBXNativeTarget "Test_AutoComplete" */;
			buildPhases = (
				4377EA27B1B216B4F3E0CC5F /* [CP] Check Pods Manifest.lock */,
				15C6596C222A1CAD004D4FE4 /* Sources */,
				15C6596D222A1CAD004D4FE4 /* Frameworks */,
				15C6596E222A1CAD004D4FE4 /* Resources */,
				DDABC137D22C523C4C4D3EBF /* [CP] Copy Pods Resources */,
			);
			buildRules = (
			);
			dependencies = (
			);
			name = Test_AutoComplete;
			productName = Test_AutoComplete;
			productReference = 15C65970222A1CAD004D4FE4 /* Test_AutoComplete.app */;
			productType = "com.apple.product-type.application";
		};
/* End PBXNativeTarget section */

/* Begin PBXProject section */
		15C65968222A1CAD004D4FE4 /* Project object */ = {
			isa = PBXProject;
			attributes = {
				LastSwiftUpdateCheck = 1000;
				LastUpgradeCheck = 1000;
				ORGANIZATIONNAME = "Kamal Maged";
				TargetAttributes = {
					15C6596F222A1CAD004D4FE4 = {
						CreatedOnToolsVersion = 10.0;
					};
				};
			};
			buildConfigurationList = 15C6596B222A1CAD004D4FE4 /* Build configuration list for PBXProject "Test_AutoComplete" */;
			compatibilityVersion = "Xcode 9.3";
			developmentRegion = en;
			hasScannedForEncodings = 0;
			knownRegions = (
				en,
				Base,
			);
			mainGroup = 15C65967222A1CAD004D4FE4;
			productRefGroup = 15C65971222A1CAD004D4FE4 /* Products */;
			projectDirPath = "";
			projectRoot = "";
			targets = (
				15C6596F222A1CAD004D4FE4 /* Test_AutoComplete */,
			);
		};
/* End PBXProject section */

/* Begin PBXResourcesBuildPhase section */
		15C6596E222A1CAD004D4FE4 /* Resources */ = {
			isa = PBXResourcesBuildPhase;
			buildActionMask = 2147483647;
			files = (
				15C6597E222A1CAF004D4FE4 /* LaunchScreen.storyboard in Resources */,
				15C6597B222A1CAF004D4FE4 /* Assets.xcassets in Resources */,
				15C65979222A1CAD004D4FE4 /* Main.storyboard in Resources */,
			);
			runOnlyForDeploymentPostprocessing = 0;
		};
/* End PBXResourcesBuildPhase section */

/* Begin PBXShellScriptBuildPhase section */
		4377EA27B1B216B4F3E0CC5F /* [CP] Check Pods Manifest.lock */ = {
			isa = PBXShellScriptBuildPhase;
			buildActionMask = 2147483647;
			files = (
			);
			inputFileListPaths = (
			);
			inputPaths = (
				"${PODS_PODFILE_DIR_PATH}/Podfile.lock",
				"${PODS_ROOT}/Manifest.lock",
			);
			name = "[CP] Check Pods Manifest.lock";
			outputFileListPaths = (
			);
			outputPaths = (
				"$(DERIVED_FILE_DIR)/Pods-Test_AutoComplete-checkManifestLockResult.txt",
			);
			runOnlyForDeploymentPostprocessing = 0;
			shellPath = /bin/sh;
			shellScript = "diff \"${PODS_PODFILE_DIR_PATH}/Podfile.lock\" \"${PODS_ROOT}/Manifest.lock\" > /dev/null\nif [ $? != 0 ] ; then\n    # print error to STDERR\n    echo \"error: The sandbox is not in sync with the Podfile.lock. Run 'pod install' or update your CocoaPods installation.\" >&2\n    exit 1\nfi\n# This output is used by Xcode 'outputs' to avoid re-running this script phase.\necho \"SUCCESS\" > \"${SCRIPT_OUTPUT_FILE_0}\"\n";
			showEnvVarsInLog = 0;
		};
		DDABC137D22C523C4C4D3EBF /* [CP] Copy Pods Resources */ = {
			isa = PBXShellScriptBuildPhase;
			buildActionMask = 2147483647;
			files = (
			);
			inputFileListPaths = (
			);
			inputPaths = (
				"${PODS_ROOT}/Target Support Files/Pods-Test_AutoComplete/Pods-Test_AutoComplete-resources.sh",
				"${PODS_ROOT}/GoogleMaps/Maps/Frameworks/GoogleMaps.framework/Resources/GoogleMaps.bundle",
				"${PODS_ROOT}/GooglePlaces/Frameworks/GooglePlaces.framework/Resources/GooglePlaces.bundle",
			);
			name = "[CP] Copy Pods Resources";
			outputFileListPaths = (
			);
			outputPaths = (
				"${TARGET_BUILD_DIR}/${UNLOCALIZED_RESOURCES_FOLDER_PATH}/GoogleMaps.bundle",
				"${TARGET_BUILD_DIR}/${UNLOCALIZED_RESOURCES_FOLDER_PATH}/GooglePlaces.bundle",
			);
			runOnlyForDeploymentPostprocessing = 0;
			shellPath = /bin/sh;
			shellScript = "\"${PODS_ROOT}/Target Support Files/Pods-Test_AutoComplete/Pods-Test_AutoComplete-resources.sh\"\n";
			showEnvVarsInLog = 0;
		};
/* End PBXShellScriptBuildPhase section */

/* Begin PBXSourcesBuildPhase section */
		15C6596C222A1CAD004D4FE4 /* Sources */ = {
			isa = PBXSourcesBuildPhase;
			buildActionMask = 2147483647;
			files = (
				15C65976222A1CAD004D4FE4 /* ViewController.swift in Sources */,
				15C65986222A1CCD004D4FE4 /* SearchResultsController.swift in Sources */,
				15C65974222A1CAD004D4FE4 /* AppDelegate.swift in Sources */,
			);
			runOnlyForDeploymentPostprocessing = 0;
		};
/* End PBXSourcesBuildPhase section */

/* Begin PBXVariantGroup section */
		15C65977222A1CAD004D4FE4 /* Main.storyboard */ = {
			isa = PBXVariantGroup;
			children = (
				15C65978222A1CAD004D4FE4 /* Base */,
			);
			name = Main.storyboard;
			sourceTree = "<group>";
		};
		15C6597C222A1CAF004D4FE4 /* LaunchScreen.storyboard */ = {
			isa = PBXVariantGroup;
			children = (
				15C6597D222A1CAF004D4FE4 /* Base */,
			);
			name = LaunchScreen.storyboard;
			sourceTree = "<group>";
		};
/* End PBXVariantGroup section */

/* Begin XCBuildConfiguration section */
		15C65980222A1CAF004D4FE4 /* Debug */ = {
			isa = XCBuildConfiguration;
			buildSettings = {
				ALWAYS_SEARCH_USER_PATHS = NO;
				CLANG_ANALYZER_NONNULL = YES;
				CLANG_ANALYZER_NUMBER_OBJECT_CONVERSION = YES_AGGRESSIVE;
				CLANG_CXX_LANGUAGE_STANDARD = "gnu++14";
				CLANG_CXX_LIBRARY = "libc++";
				CLANG_ENABLE_MODULES = YES;
				CLANG_ENABLE_OBJC_ARC = YES;
				CLANG_ENABLE_OBJC_WEAK = YES;
				CLANG_WARN_BLOCK_CAPTURE_AUTORELEASING = YES;
				CLANG_WARN_BOOL_CONVERSION = YES;
				CLANG_WARN_COMMA = YES;
				CLANG_WARN_CONSTANT_CONVERSION = YES;
				CLANG_WARN_DEPRECATED_OBJC_IMPLEMENTATIONS = YES;
				CLANG_WARN_DIRECT_OBJC_ISA_USAGE = YES_ERROR;
				CLANG_WARN_DOCUMENTATION_COMMENTS = YES;
				CLANG_WARN_EMPTY_BODY = YES;
				CLANG_WARN_ENUM_CONVERSION = YES;
				CLANG_WARN_INFINITE_RECURSION = YES;
				CLANG_WARN_INT_CONVERSION = YES;
				CLANG_WARN_NON_LITERAL_NULL_CONVERSION = YES;
				CLANG_WARN_OBJC_IMPLICIT_RETAIN_SELF = YES;
				CLANG_WARN_OBJC_LITERAL_CONVERSION = YES;
				CLANG_WARN_OBJC_ROOT_CLASS = YES_ERROR;
				CLANG_WARN_RANGE_LOOP_ANALYSIS = YES;
				CLANG_WARN_STRICT_PROTOTYPES = YES;
				CLANG_WARN_SUSPICIOUS_MOVE = YES;
				CLANG_WARN_UNGUARDED_AVAILABILITY = YES_AGGRESSIVE;
				CLANG_WARN_UNREACHABLE_CODE = YES;
				CLANG_WARN__DUPLICATE_METHOD_MATCH = YES;
				CODE_SIGN_IDENTITY = "iPhone Developer";
				COPY_PHASE_STRIP = NO;
				DEBUG_INFORMATION_FORMAT = dwarf;
				ENABLE_STRICT_OBJC_MSGSEND = YES;
				ENABLE_TESTABILITY = YES;
				GCC_C_LANGUAGE_STANDARD = gnu11;
				GCC_DYNAMIC_NO_PIC = NO;
				GCC_NO_COMMON_BLOCKS = YES;
				GCC_OPTIMIZATION_LEVEL = 0;
				GCC_PREPROCESSOR_DEFINITIONS = (
					"DEBUG=1",
					"$(inherited)",
				);
				GCC_WARN_64_TO_32_BIT_CONVERSION = YES;
				GCC_WARN_ABOUT_RETURN_TYPE = YES_ERROR;
				GCC_WARN_UNDECLARED_SELECTOR = YES;
				GCC_WARN_UNINITIALIZED_AUTOS = YES_AGGRESSIVE;
				GCC_WARN_UNUSED_FUNCTION = YES;
				GCC_WARN_UNUSED_VARIABLE = YES;
				IPHONEOS_DEPLOYMENT_TARGET = 12.0;
				MTL_ENABLE_DEBUG_INFO = INCLUDE_SOURCE;
				MTL_FAST_MATH = YES;
				ONLY_ACTIVE_ARCH = YES;
				SDKROOT = iphoneos;
				SWIFT_ACTIVE_COMPILATION_CONDITIONS = DEBUG;
				SWIFT_OPTIMIZATION_LEVEL = "-Onone";
			};
			name = Debug;
		};
		15C65981222A1CAF004D4FE4 /* Release */ = {
			isa = XCBuildConfiguration;
			buildSettings = {
				ALWAYS_SEARCH_USER_PATHS = NO;
				CLANG_ANALYZER_NONNULL = YES;
				CLANG_ANALYZER_NUMBER_OBJECT_CONVERSION = YES_AGGRESSIVE;
				CLANG_CXX_LANGUAGE_STANDARD = "gnu++14";
				CLANG_CXX_LIBRARY = "libc++";
				CLANG_ENABLE_MODULES = YES;
				CLANG_ENABLE_OBJC_ARC = YES;
				CLANG_ENABLE_OBJC_WEAK = YES;
				CLANG_WARN_BLOCK_CAPTURE_AUTORELEASING = YES;
				CLANG_WARN_BOOL_CONVERSION = YES;
				CLANG_WARN_COMMA = YES;
				CLANG_WARN_CONSTANT_CONVERSION = YES;
				CLANG_WARN_DEPRECATED_OBJC_IMPLEMENTATIONS = YES;
				CLANG_WARN_DIRECT_OBJC_ISA_USAGE = YES_ERROR;
				CLANG_WARN_DOCUMENTATION_COMMENTS = YES;
				CLANG_WARN_EMPTY_BODY = YES;
				CLANG_WARN_ENUM_CONVERSION = YES;
				CLANG_WARN_INFINITE_RECURSION = YES;
				CLANG_WARN_INT_CONVERSION = YES;
				CLANG_WARN_NON_LITERAL_NULL_CONVERSION = YES;
				CLANG_WARN_OBJC_IMPLICIT_RETAIN_SELF = YES;
				CLANG_WARN_OBJC_LITERAL_CONVERSION = YES;
				CLANG_WARN_OBJC_ROOT_CLASS = YES_ERROR;
				CLANG_WARN_RANGE_LOOP_ANALYSIS = YES;
				CLANG_WARN_STRICT_PROTOTYPES = YES;
				CLANG_WARN_SUSPICIOUS_MOVE = YES;
				CLANG_WARN_UNGUARDED_AVAILABILITY = YES_AGGRESSIVE;
				CLANG_WARN_UNREACHABLE_CODE = YES;
				CLANG_WARN__DUPLICATE_METHOD_MATCH = YES;
				CODE_SIGN_IDENTITY = "iPhone Developer";
				COPY_PHASE_STRIP = NO;
				DEBUG_INFORMATION_FORMAT = "dwarf-with-dsym";
				ENABLE_NS_ASSERTIONS = NO;
				ENABLE_STRICT_OBJC_MSGSEND = YES;
				GCC_C_LANGUAGE_STANDARD = gnu11;
				GCC_NO_COMMON_BLOCKS = YES;
				GCC_WARN_64_TO_32_BIT_CONVERSION = YES;
				GCC_WARN_ABOUT_RETURN_TYPE = YES_ERROR;
				GCC_WARN_UNDECLARED_SELECTOR = YES;
				GCC_WARN_UNINITIALIZED_AUTOS = YES_AGGRESSIVE;
				GCC_WARN_UNUSED_FUNCTION = YES;
				GCC_WARN_UNUSED_VARIABLE = YES;
				IPHONEOS_DEPLOYMENT_TARGET = 12.0;
				MTL_ENABLE_DEBUG_INFO = NO;
				MTL_FAST_MATH = YES;
				SDKROOT = iphoneos;
				SWIFT_COMPILATION_MODE = wholemodule;
				SWIFT_OPTIMIZATION_LEVEL = "-O";
				VALIDATE_PRODUCT = YES;
			};
			name = Release;
		};
		15C65983222A1CAF004D4FE4 /* Debug */ = {
			isa = XCBuildConfiguration;
			baseConfigurationReference = D36598B377ADA84C978CFF17 /* Pods-Test_AutoComplete.debug.xcconfig */;
			buildSettings = {
				ASSETCATALOG_COMPILER_APPICON_NAME = AppIcon;
				CODE_SIGN_STYLE = Automatic;
				INFOPLIST_FILE = Test_AutoComplete/Info.plist;
				LD_RUNPATH_SEARCH_PATHS = (
					"$(inherited)",
					"@executable_path/Frameworks",
				);
				PRODUCT_BUNDLE_IDENTIFIER = "Prep-Course.Test-AutoComplete";
				PRODUCT_NAME = "$(TARGET_NAME)";
				SWIFT_VERSION = 4.2;
				TARGETED_DEVICE_FAMILY = "1,2";
			};
			name = Debug;
		};
		15C65984222A1CAF004D4FE4 /* Release */ = {
			isa = XCBuildConfiguration;
			baseConfigurationReference = E42A8CEF83B4E8D1BE01116D /* Pods-Test_AutoComplete.release.xcconfig */;
			buildSettings = {
				ASSETCATALOG_COMPILER_APPICON_NAME = AppIcon;
				CODE_SIGN_STYLE = Automatic;
				INFOPLIST_FILE = Test_AutoComplete/Info.plist;
				LD_RUNPATH_SEARCH_PATHS = (
					"$(inherited)",
					"@executable_path/Frameworks",
				);
				PRODUCT_BUNDLE_IDENTIFIER = "Prep-Course.Test-AutoComplete";
				PRODUCT_NAME = "$(TARGET_NAME)";
				SWIFT_VERSION = 4.2;
				TARGETED_DEVICE_FAMILY = "1,2";
			};
			name = Release;
		};
/* End XCBuildConfiguration section */

/* Begin XCConfigurationList section */
		15C6596B222A1CAD004D4FE4 /* Build configuration list for PBXProject "Test_AutoComplete" */ = {
			isa = XCConfigurationList;
			buildConfigurations = (
				15C65980222A1CAF004D4FE4 /* Debug */,
				15C65981222A1CAF004D4FE4 /* Release */,
			);
			defaultConfigurationIsVisible = 0;
			defaultConfigurationName = Release;
		};
		15C65982222A1CAF004D4FE4 /* Build configuration list for PBXNativeTarget "Test_AutoComplete" */ = {
			isa = XCConfigurationList;
			buildConfigurations = (
				15C65983222A1CAF004D4FE4 /* Debug */,
				15C65984222A1CAF004D4FE4 /* Release */,
			);
			defaultConfigurationIsVisible = 0;
			defaultConfigurationName = Release;
		};
/* End XCConfigurationList section */
	};
	rootObject = 15C65968222A1CAD004D4FE4 /* Project object */;
}
